// !$*UTF8*$!
{
	archiveVersion = 1;
	classes = {
	};
	objectVersion = 46;
	objects = {

/* Begin PBXBuildFile section */
		00171A231E56384500640B09 /* AppDelegate.swift in Sources */ = {isa = PBXBuildFile; fileRef = 00171A221E56384500640B09 /* AppDelegate.swift */; };
		00171A251E56384500640B09 /* SetupGendersVC.swift in Sources */ = {isa = PBXBuildFile; fileRef = 00171A241E56384500640B09 /* SetupGendersVC.swift */; };
		00171A281E56384500640B09 /* Main.storyboard in Resources */ = {isa = PBXBuildFile; fileRef = 00171A261E56384500640B09 /* Main.storyboard */; };
		00171A2D1E56384500640B09 /* LaunchScreen.storyboard in Resources */ = {isa = PBXBuildFile; fileRef = 00171A2B1E56384500640B09 /* LaunchScreen.storyboard */; };
		00171A381E56384500640B09 /* iOSKinkedInTests.swift in Sources */ = {isa = PBXBuildFile; fileRef = 00171A371E56384500640B09 /* iOSKinkedInTests.swift */; };
		00171A431E56384500640B09 /* iOSKinkedInUITests.swift in Sources */ = {isa = PBXBuildFile; fileRef = 00171A421E56384500640B09 /* iOSKinkedInUITests.swift */; };
		00171A531E56468700640B09 /* api.swift in Sources */ = {isa = PBXBuildFile; fileRef = 00171A521E56468700640B09 /* api.swift */; };
		00171A561E5650FD00640B09 /* tags.swift in Sources */ = {isa = PBXBuildFile; fileRef = 00171A551E5650FD00640B09 /* tags.swift */; };
		001D21151E5A286900317600 /* strings.swift in Sources */ = {isa = PBXBuildFile; fileRef = 001D21141E5A286900317600 /* strings.swift */; };
		001D21171E5A3EBB00317600 /* SetupPictureVC.swift in Sources */ = {isa = PBXBuildFile; fileRef = 001D21161E5A3EBB00317600 /* SetupPictureVC.swift */; };
		001D21191E5A4B1300317600 /* SetupRolesVC.swift in Sources */ = {isa = PBXBuildFile; fileRef = 001D21181E5A4B1300317600 /* SetupRolesVC.swift */; };
		001D211B1E5A4B2D00317600 /* SetupBioVC.swift in Sources */ = {isa = PBXBuildFile; fileRef = 001D211A1E5A4B2D00317600 /* SetupBioVC.swift */; };
		0038FAF01E57DC7E00C160B6 /* SetupKinksVC.swift in Sources */ = {isa = PBXBuildFile; fileRef = 0038FAEF1E57DC7E00C160B6 /* SetupKinksVC.swift */; };
		0051D1FE1E62D3DC004ABBF6 /* ViewProfile.swift in Sources */ = {isa = PBXBuildFile; fileRef = 0051D1FD1E62D3DC004ABBF6 /* ViewProfile.swift */; };
		0051D2001E62E85C004ABBF6 /* ViewProfileVC.swift in Sources */ = {isa = PBXBuildFile; fileRef = 0051D1FF1E62E85C004ABBF6 /* ViewProfileVC.swift */; };
		006D50051E65810B005DAABE /* Assets.xcassets in Resources */ = {isa = PBXBuildFile; fileRef = 006D50041E65810B005DAABE /* Assets.xcassets */; };
		006D50071E658635005DAABE /* AppTabVC.swift in Sources */ = {isa = PBXBuildFile; fileRef = 006D50061E658635005DAABE /* AppTabVC.swift */; };
		0070C3691E568A6F000D5BA0 /* SetupPageNC.swift in Sources */ = {isa = PBXBuildFile; fileRef = 0070C3681E568A6F000D5BA0 /* SetupPageNC.swift */; };
		0070C36F1E569E11000D5BA0 /* Realm.framework in Frameworks */ = {isa = PBXBuildFile; fileRef = 0070C36E1E569E11000D5BA0 /* Realm.framework */; };
		0070C3701E569E11000D5BA0 /* Realm.framework in Embed Frameworks */ = {isa = PBXBuildFile; fileRef = 0070C36E1E569E11000D5BA0 /* Realm.framework */; settings = {ATTRIBUTES = (CodeSignOnCopy, RemoveHeadersOnCopy, ); }; };
		0070C3731E569E23000D5BA0 /* RealmSwift.framework in Frameworks */ = {isa = PBXBuildFile; fileRef = 0070C3721E569E23000D5BA0 /* RealmSwift.framework */; };
		0070C3741E569E23000D5BA0 /* RealmSwift.framework in Embed Frameworks */ = {isa = PBXBuildFile; fileRef = 0070C3721E569E23000D5BA0 /* RealmSwift.framework */; settings = {ATTRIBUTES = (CodeSignOnCopy, RemoveHeadersOnCopy, ); }; };
		00A0CD731E56A03B00D39CD8 /* Profile.swift in Sources */ = {isa = PBXBuildFile; fileRef = 00A0CD721E56A03B00D39CD8 /* Profile.swift */; };
		00A0CD751E56A2CA00D39CD8 /* SetupBasicVC.swift in Sources */ = {isa = PBXBuildFile; fileRef = 00A0CD741E56A2CA00D39CD8 /* SetupBasicVC.swift */; };
		00A0CD771E56CCA000D39CD8 /* localdb.swift in Sources */ = {isa = PBXBuildFile; fileRef = 00A0CD761E56CCA000D39CD8 /* localdb.swift */; };
		00A0CD7B1E56CF5E00D39CD8 /* Login.swift in Sources */ = {isa = PBXBuildFile; fileRef = 00A0CD7A1E56CF5E00D39CD8 /* Login.swift */; };
		00A0CD7D1E56D85800D39CD8 /* LoginVC.swift in Sources */ = {isa = PBXBuildFile; fileRef = 00A0CD7C1E56D85800D39CD8 /* LoginVC.swift */; };
		00B5659D1E57906100639B8E /* SplashVC.swift in Sources */ = {isa = PBXBuildFile; fileRef = 00B5659C1E57906100639B8E /* SplashVC.swift */; };
		00BA13BA1E57C08C00CC0BA8 /* SetupViewVC.swift in Sources */ = {isa = PBXBuildFile; fileRef = 00BA13B91E57C08C00CC0BA8 /* SetupViewVC.swift */; };
		00BA200D1E62B2F000D31F6F /* styles.swift in Sources */ = {isa = PBXBuildFile; fileRef = 00BA200C1E62B2F000D31F6F /* styles.swift */; };
		00BA200F1E62B8C200D31F6F /* tables.swift in Sources */ = {isa = PBXBuildFile; fileRef = 00BA200E1E62B8C200D31F6F /* tables.swift */; };
		00D193AF1E5B945A0010C34C /* SetKinkPrefsVC.swift in Sources */ = {isa = PBXBuildFile; fileRef = 00D193AE1E5B945A0010C34C /* SetKinkPrefsVC.swift */; };
		00D193B21E5BA4FE0010C34C /* KinkInterest.swift in Sources */ = {isa = PBXBuildFile; fileRef = 00D193B11E5BA4FE0010C34C /* KinkInterest.swift */; };
		343EFE1E4516B5F59C0AF25D /* Pods_iOSKinkedInTests.framework in Frameworks */ = {isa = PBXBuildFile; fileRef = 549545132AB193F67E3EB8D0 /* Pods_iOSKinkedInTests.framework */; };
		EB4D3BE2042256B198045EFE /* Pods_iOSKinkedIn.framework in Frameworks */ = {isa = PBXBuildFile; fileRef = 5A4761DAC1B81773B2C3BB9C /* Pods_iOSKinkedIn.framework */; };
		F0E30A0072FD34780B13D594 /* Pods_iOSKinkedInUITests.framework in Frameworks */ = {isa = PBXBuildFile; fileRef = F4A43E642C023C6C0874ED96 /* Pods_iOSKinkedInUITests.framework */; };
/* End PBXBuildFile section */

/* Begin PBXContainerItemProxy section */
		00171A341E56384500640B09 /* PBXContainerItemProxy */ = {
			isa = PBXContainerItemProxy;
			containerPortal = 00171A171E56384500640B09 /* Project object */;
			proxyType = 1;
			remoteGlobalIDString = 00171A1E1E56384500640B09;
			remoteInfo = iOSKinkedIn;
		};
		00171A3F1E56384500640B09 /* PBXContainerItemProxy */ = {
			isa = PBXContainerItemProxy;
			containerPortal = 00171A171E56384500640B09 /* Project object */;
			proxyType = 1;
			remoteGlobalIDString = 00171A1E1E56384500640B09;
			remoteInfo = iOSKinkedIn;
		};
/* End PBXContainerItemProxy section */

/* Begin PBXCopyFilesBuildPhase section */
		0070C3711E569E11000D5BA0 /* Embed Frameworks */ = {
			isa = PBXCopyFilesBuildPhase;
			buildActionMask = 2147483647;
			dstPath = "";
			dstSubfolderSpec = 10;
			files = (
				0070C3741E569E23000D5BA0 /* RealmSwift.framework in Embed Frameworks */,
				0070C3701E569E11000D5BA0 /* Realm.framework in Embed Frameworks */,
			);
			name = "Embed Frameworks";
			runOnlyForDeploymentPostprocessing = 0;
		};
/* End PBXCopyFilesBuildPhase section */

/* Begin PBXFileReference section */
		00171A1F1E56384500640B09 /* iOSKinkedIn.app */ = {isa = PBXFileReference; explicitFileType = wrapper.application; includeInIndex = 0; path = iOSKinkedIn.app; sourceTree = BUILT_PRODUCTS_DIR; };
		00171A221E56384500640B09 /* AppDelegate.swift */ = {isa = PBXFileReference; lastKnownFileType = sourcecode.swift; path = AppDelegate.swift; sourceTree = "<group>"; };
		00171A241E56384500640B09 /* SetupGendersVC.swift */ = {isa = PBXFileReference; lastKnownFileType = sourcecode.swift; path = SetupGendersVC.swift; sourceTree = "<group>"; };
		00171A271E56384500640B09 /* Base */ = {isa = PBXFileReference; lastKnownFileType = file.storyboard; name = Base; path = Base.lproj/Main.storyboard; sourceTree = "<group>"; };
		00171A2C1E56384500640B09 /* Base */ = {isa = PBXFileReference; lastKnownFileType = file.storyboard; name = Base; path = Base.lproj/LaunchScreen.storyboard; sourceTree = "<group>"; };
		00171A2E1E56384500640B09 /* Info.plist */ = {isa = PBXFileReference; lastKnownFileType = text.plist.xml; path = Info.plist; sourceTree = "<group>"; };
		00171A331E56384500640B09 /* iOSKinkedInTests.xctest */ = {isa = PBXFileReference; explicitFileType = wrapper.cfbundle; includeInIndex = 0; path = iOSKinkedInTests.xctest; sourceTree = BUILT_PRODUCTS_DIR; };
		00171A371E56384500640B09 /* iOSKinkedInTests.swift */ = {isa = PBXFileReference; lastKnownFileType = sourcecode.swift; path = iOSKinkedInTests.swift; sourceTree = "<group>"; };
		00171A391E56384500640B09 /* Info.plist */ = {isa = PBXFileReference; lastKnownFileType = text.plist.xml; path = Info.plist; sourceTree = "<group>"; };
		00171A3E1E56384500640B09 /* iOSKinkedInUITests.xctest */ = {isa = PBXFileReference; explicitFileType = wrapper.cfbundle; includeInIndex = 0; path = iOSKinkedInUITests.xctest; sourceTree = BUILT_PRODUCTS_DIR; };
		00171A421E56384500640B09 /* iOSKinkedInUITests.swift */ = {isa = PBXFileReference; lastKnownFileType = sourcecode.swift; path = iOSKinkedInUITests.swift; sourceTree = "<group>"; };
		00171A441E56384500640B09 /* Info.plist */ = {isa = PBXFileReference; lastKnownFileType = text.plist.xml; path = Info.plist; sourceTree = "<group>"; };
		00171A521E56468700640B09 /* api.swift */ = {isa = PBXFileReference; fileEncoding = 4; lastKnownFileType = sourcecode.swift; path = api.swift; sourceTree = "<group>"; };
		00171A551E5650FD00640B09 /* tags.swift */ = {isa = PBXFileReference; fileEncoding = 4; lastKnownFileType = sourcecode.swift; path = tags.swift; sourceTree = "<group>"; };
		001D21141E5A286900317600 /* strings.swift */ = {isa = PBXFileReference; fileEncoding = 4; lastKnownFileType = sourcecode.swift; path = strings.swift; sourceTree = "<group>"; };
		001D21161E5A3EBB00317600 /* SetupPictureVC.swift */ = {isa = PBXFileReference; fileEncoding = 4; lastKnownFileType = sourcecode.swift; path = SetupPictureVC.swift; sourceTree = "<group>"; };
		001D21181E5A4B1300317600 /* SetupRolesVC.swift */ = {isa = PBXFileReference; fileEncoding = 4; lastKnownFileType = sourcecode.swift; path = SetupRolesVC.swift; sourceTree = "<group>"; };
		001D211A1E5A4B2D00317600 /* SetupBioVC.swift */ = {isa = PBXFileReference; fileEncoding = 4; lastKnownFileType = sourcecode.swift; path = SetupBioVC.swift; sourceTree = "<group>"; };
		0038FAEF1E57DC7E00C160B6 /* SetupKinksVC.swift */ = {isa = PBXFileReference; fileEncoding = 4; lastKnownFileType = sourcecode.swift; path = SetupKinksVC.swift; sourceTree = "<group>"; };
		0051D1FD1E62D3DC004ABBF6 /* ViewProfile.swift */ = {isa = PBXFileReference; fileEncoding = 4; lastKnownFileType = sourcecode.swift; path = ViewProfile.swift; sourceTree = "<group>"; };
		0051D1FF1E62E85C004ABBF6 /* ViewProfileVC.swift */ = {isa = PBXFileReference; fileEncoding = 4; lastKnownFileType = sourcecode.swift; path = ViewProfileVC.swift; sourceTree = "<group>"; };
		005767C11E5827A60075665A /* AMPopTip.framework */ = {isa = PBXFileReference; lastKnownFileType = wrapper.framework; name = AMPopTip.framework; path = "Pods/../build/Debug-iphoneos/AMPopTip/AMPopTip.framework"; sourceTree = "<group>"; };
		006D50041E65810B005DAABE /* Assets.xcassets */ = {isa = PBXFileReference; lastKnownFileType = folder.assetcatalog; path = Assets.xcassets; sourceTree = "<group>"; };
		006D50061E658635005DAABE /* AppTabVC.swift */ = {isa = PBXFileReference; fileEncoding = 4; lastKnownFileType = sourcecode.swift; path = AppTabVC.swift; sourceTree = "<group>"; };
		0070C3681E568A6F000D5BA0 /* SetupPageNC.swift */ = {isa = PBXFileReference; fileEncoding = 4; lastKnownFileType = sourcecode.swift; path = SetupPageNC.swift; sourceTree = "<group>"; };
		0070C36A1E569DEA000D5BA0 /* Realm.framework */ = {isa = PBXFileReference; lastKnownFileType = wrapper.framework; name = Realm.framework; path = "../../poison/realm-swift-2.4.2/ios/swift-3.0.2/Realm.framework"; sourceTree = "<group>"; };
		0070C36E1E569E11000D5BA0 /* Realm.framework */ = {isa = PBXFileReference; lastKnownFileType = wrapper.framework; path = Realm.framework; sourceTree = "<group>"; };
		0070C3721E569E23000D5BA0 /* RealmSwift.framework */ = {isa = PBXFileReference; lastKnownFileType = wrapper.framework; path = RealmSwift.framework; sourceTree = "<group>"; };
		00A0CD721E56A03B00D39CD8 /* Profile.swift */ = {isa = PBXFileReference; fileEncoding = 4; lastKnownFileType = sourcecode.swift; path = Profile.swift; sourceTree = "<group>"; };
		00A0CD741E56A2CA00D39CD8 /* SetupBasicVC.swift */ = {isa = PBXFileReference; fileEncoding = 4; lastKnownFileType = sourcecode.swift; path = SetupBasicVC.swift; sourceTree = "<group>"; };
		00A0CD761E56CCA000D39CD8 /* localdb.swift */ = {isa = PBXFileReference; fileEncoding = 4; lastKnownFileType = sourcecode.swift; path = localdb.swift; sourceTree = "<group>"; };
		00A0CD7A1E56CF5E00D39CD8 /* Login.swift */ = {isa = PBXFileReference; fileEncoding = 4; lastKnownFileType = sourcecode.swift; path = Login.swift; sourceTree = "<group>"; };
		00A0CD7C1E56D85800D39CD8 /* LoginVC.swift */ = {isa = PBXFileReference; fileEncoding = 4; lastKnownFileType = sourcecode.swift; path = LoginVC.swift; sourceTree = "<group>"; };
		00B5659C1E57906100639B8E /* SplashVC.swift */ = {isa = PBXFileReference; fileEncoding = 4; lastKnownFileType = sourcecode.swift; path = SplashVC.swift; sourceTree = "<group>"; };
		00BA13B91E57C08C00CC0BA8 /* SetupViewVC.swift */ = {isa = PBXFileReference; fileEncoding = 4; lastKnownFileType = sourcecode.swift; path = SetupViewVC.swift; sourceTree = "<group>"; };
		00BA200C1E62B2F000D31F6F /* styles.swift */ = {isa = PBXFileReference; fileEncoding = 4; lastKnownFileType = sourcecode.swift; path = styles.swift; sourceTree = "<group>"; };
		00BA200E1E62B8C200D31F6F /* tables.swift */ = {isa = PBXFileReference; fileEncoding = 4; lastKnownFileType = sourcecode.swift; path = tables.swift; sourceTree = "<group>"; };
		00CD2AA31E58294900C306A3 /* AMPopTip.framework */ = {isa = PBXFileReference; explicitFileType = wrapper.framework; path = AMPopTip.framework; sourceTree = BUILT_PRODUCTS_DIR; };
		00D193AE1E5B945A0010C34C /* SetKinkPrefsVC.swift */ = {isa = PBXFileReference; fileEncoding = 4; lastKnownFileType = sourcecode.swift; path = SetKinkPrefsVC.swift; sourceTree = "<group>"; };
		00D193B11E5BA4FE0010C34C /* KinkInterest.swift */ = {isa = PBXFileReference; fileEncoding = 4; lastKnownFileType = sourcecode.swift; path = KinkInterest.swift; sourceTree = "<group>"; };
		256DEDFCB6A5AE4A369B3527 /* Pods-iOSKinkedInUITests.debug.xcconfig */ = {isa = PBXFileReference; includeInIndex = 1; lastKnownFileType = text.xcconfig; name = "Pods-iOSKinkedInUITests.debug.xcconfig"; path = "Pods/Target Support Files/Pods-iOSKinkedInUITests/Pods-iOSKinkedInUITests.debug.xcconfig"; sourceTree = "<group>"; };
		549545132AB193F67E3EB8D0 /* Pods_iOSKinkedInTests.framework */ = {isa = PBXFileReference; explicitFileType = wrapper.framework; includeInIndex = 0; path = Pods_iOSKinkedInTests.framework; sourceTree = BUILT_PRODUCTS_DIR; };
		5A4761DAC1B81773B2C3BB9C /* Pods_iOSKinkedIn.framework */ = {isa = PBXFileReference; explicitFileType = wrapper.framework; includeInIndex = 0; path = Pods_iOSKinkedIn.framework; sourceTree = BUILT_PRODUCTS_DIR; };
		69D2489DAE1A30E827A6EA1A /* Pods-iOSKinkedIn.release.xcconfig */ = {isa = PBXFileReference; includeInIndex = 1; lastKnownFileType = text.xcconfig; name = "Pods-iOSKinkedIn.release.xcconfig"; path = "Pods/Target Support Files/Pods-iOSKinkedIn/Pods-iOSKinkedIn.release.xcconfig"; sourceTree = "<group>"; };
		974F84064B5F24A80C5025DD /* Pods-iOSKinkedInTests.debug.xcconfig */ = {isa = PBXFileReference; includeInIndex = 1; lastKnownFileType = text.xcconfig; name = "Pods-iOSKinkedInTests.debug.xcconfig"; path = "Pods/Target Support Files/Pods-iOSKinkedInTests/Pods-iOSKinkedInTests.debug.xcconfig"; sourceTree = "<group>"; };
		C9BAE83F2CFA8A3781B2F227 /* Pods-iOSKinkedInUITests.release.xcconfig */ = {isa = PBXFileReference; includeInIndex = 1; lastKnownFileType = text.xcconfig; name = "Pods-iOSKinkedInUITests.release.xcconfig"; path = "Pods/Target Support Files/Pods-iOSKinkedInUITests/Pods-iOSKinkedInUITests.release.xcconfig"; sourceTree = "<group>"; };
		CF5E3ADA76DA88C2CEB48970 /* Pods-iOSKinkedIn.debug.xcconfig */ = {isa = PBXFileReference; includeInIndex = 1; lastKnownFileType = text.xcconfig; name = "Pods-iOSKinkedIn.debug.xcconfig"; path = "Pods/Target Support Files/Pods-iOSKinkedIn/Pods-iOSKinkedIn.debug.xcconfig"; sourceTree = "<group>"; };
		ECB61F491E98F1AD0749F70C /* Pods-iOSKinkedInTests.release.xcconfig */ = {isa = PBXFileReference; includeInIndex = 1; lastKnownFileType = text.xcconfig; name = "Pods-iOSKinkedInTests.release.xcconfig"; path = "Pods/Target Support Files/Pods-iOSKinkedInTests/Pods-iOSKinkedInTests.release.xcconfig"; sourceTree = "<group>"; };
		F4A43E642C023C6C0874ED96 /* Pods_iOSKinkedInUITests.framework */ = {isa = PBXFileReference; explicitFileType = wrapper.framework; includeInIndex = 0; path = Pods_iOSKinkedInUITests.framework; sourceTree = BUILT_PRODUCTS_DIR; };
/* End PBXFileReference section */

/* Begin PBXFrameworksBuildPhase section */
		00171A1C1E56384500640B09 /* Frameworks */ = {
			isa = PBXFrameworksBuildPhase;
			buildActionMask = 2147483647;
			files = (
				0070C36F1E569E11000D5BA0 /* Realm.framework in Frameworks */,
				EB4D3BE2042256B198045EFE /* Pods_iOSKinkedIn.framework in Frameworks */,
				0070C3731E569E23000D5BA0 /* RealmSwift.framework in Frameworks */,
			);
			runOnlyForDeploymentPostprocessing = 0;
		};
		00171A301E56384500640B09 /* Frameworks */ = {
			isa = PBXFrameworksBuildPhase;
			buildActionMask = 2147483647;
			files = (
				343EFE1E4516B5F59C0AF25D /* Pods_iOSKinkedInTests.framework in Frameworks */,
			);
			runOnlyForDeploymentPostprocessing = 0;
		};
		00171A3B1E56384500640B09 /* Frameworks */ = {
			isa = PBXFrameworksBuildPhase;
			buildActionMask = 2147483647;
			files = (
				F0E30A0072FD34780B13D594 /* Pods_iOSKinkedInUITests.framework in Frameworks */,
			);
			runOnlyForDeploymentPostprocessing = 0;
		};
/* End PBXFrameworksBuildPhase section */

/* Begin PBXGroup section */
		00171A161E56384500640B09 = {
			isa = PBXGroup;
			children = (
				00CD2AA31E58294900C306A3 /* AMPopTip.framework */,
				0070C3721E569E23000D5BA0 /* RealmSwift.framework */,
				0070C36E1E569E11000D5BA0 /* Realm.framework */,
				0070C36A1E569DEA000D5BA0 /* Realm.framework */,
				00171A211E56384500640B09 /* iOSKinkedIn */,
				00171A361E56384500640B09 /* iOSKinkedInTests */,
				00171A411E56384500640B09 /* iOSKinkedInUITests */,
				00171A201E56384500640B09 /* Products */,
				B625CE8D8B53D2A949D116E8 /* Pods */,
				60EDCD05462830E481D434C8 /* Frameworks */,
			);
			sourceTree = "<group>";
		};
		00171A201E56384500640B09 /* Products */ = {
			isa = PBXGroup;
			children = (
				00171A1F1E56384500640B09 /* iOSKinkedIn.app */,
				00171A331E56384500640B09 /* iOSKinkedInTests.xctest */,
				00171A3E1E56384500640B09 /* iOSKinkedInUITests.xctest */,
			);
			name = Products;
			sourceTree = "<group>";
		};
		00171A211E56384500640B09 /* iOSKinkedIn */ = {
			isa = PBXGroup;
			children = (
				006D50041E65810B005DAABE /* Assets.xcassets */,
				001D21131E5A284A00317600 /* helpers */,
				00171A541E5650D300640B09 /* models */,
				00171A511E56465E00640B09 /* vc */,
				00171A501E56461900640B09 /* providers */,
				00171A221E56384500640B09 /* AppDelegate.swift */,
				00171A261E56384500640B09 /* Main.storyboard */,
				00171A2B1E56384500640B09 /* LaunchScreen.storyboard */,
				00171A2E1E56384500640B09 /* Info.plist */,
			);
			path = iOSKinkedIn;
			sourceTree = "<group>";
		};
		00171A361E56384500640B09 /* iOSKinkedInTests */ = {
			isa = PBXGroup;
			children = (
				00171A371E56384500640B09 /* iOSKinkedInTests.swift */,
				00171A391E56384500640B09 /* Info.plist */,
			);
			path = iOSKinkedInTests;
			sourceTree = "<group>";
		};
		00171A411E56384500640B09 /* iOSKinkedInUITests */ = {
			isa = PBXGroup;
			children = (
				00171A421E56384500640B09 /* iOSKinkedInUITests.swift */,
				00171A441E56384500640B09 /* Info.plist */,
			);
			path = iOSKinkedInUITests;
			sourceTree = "<group>";
		};
		00171A501E56461900640B09 /* providers */ = {
			isa = PBXGroup;
			children = (
				00171A521E56468700640B09 /* api.swift */,
				00A0CD761E56CCA000D39CD8 /* localdb.swift */,
			);
			name = providers;
			sourceTree = "<group>";
		};
		00171A511E56465E00640B09 /* vc */ = {
			isa = PBXGroup;
			children = (
				00171A241E56384500640B09 /* SetupGendersVC.swift */,
				00A0CD741E56A2CA00D39CD8 /* SetupBasicVC.swift */,
				0070C3681E568A6F000D5BA0 /* SetupPageNC.swift */,
				00A0CD7C1E56D85800D39CD8 /* LoginVC.swift */,
				00B5659C1E57906100639B8E /* SplashVC.swift */,
				00BA13B91E57C08C00CC0BA8 /* SetupViewVC.swift */,
				0038FAEF1E57DC7E00C160B6 /* SetupKinksVC.swift */,
				001D21161E5A3EBB00317600 /* SetupPictureVC.swift */,
				001D21181E5A4B1300317600 /* SetupRolesVC.swift */,
				001D211A1E5A4B2D00317600 /* SetupBioVC.swift */,
				00D193AE1E5B945A0010C34C /* SetKinkPrefsVC.swift */,
				0051D1FF1E62E85C004ABBF6 /* ViewProfileVC.swift */,
				006D50061E658635005DAABE /* AppTabVC.swift */,
			);
			name = vc;
			sourceTree = "<group>";
		};
		00171A541E5650D300640B09 /* models */ = {
			isa = PBXGroup;
			children = (
				00171A551E5650FD00640B09 /* tags.swift */,
				00A0CD721E56A03B00D39CD8 /* Profile.swift */,
				00A0CD7A1E56CF5E00D39CD8 /* Login.swift */,
				00D193B11E5BA4FE0010C34C /* KinkInterest.swift */,
				0051D1FD1E62D3DC004ABBF6 /* ViewProfile.swift */,
			);
			name = models;
			sourceTree = "<group>";
		};
		001D21131E5A284A00317600 /* helpers */ = {
			isa = PBXGroup;
			children = (
				001D21141E5A286900317600 /* strings.swift */,
				00BA200C1E62B2F000D31F6F /* styles.swift */,
				00BA200E1E62B8C200D31F6F /* tables.swift */,
			);
			name = helpers;
			sourceTree = "<group>";
		};
		60EDCD05462830E481D434C8 /* Frameworks */ = {
			isa = PBXGroup;
			children = (
				005767C11E5827A60075665A /* AMPopTip.framework */,
				5A4761DAC1B81773B2C3BB9C /* Pods_iOSKinkedIn.framework */,
				549545132AB193F67E3EB8D0 /* Pods_iOSKinkedInTests.framework */,
				F4A43E642C023C6C0874ED96 /* Pods_iOSKinkedInUITests.framework */,
			);
			name = Frameworks;
			sourceTree = "<group>";
		};
		B625CE8D8B53D2A949D116E8 /* Pods */ = {
			isa = PBXGroup;
			children = (
				CF5E3ADA76DA88C2CEB48970 /* Pods-iOSKinkedIn.debug.xcconfig */,
				69D2489DAE1A30E827A6EA1A /* Pods-iOSKinkedIn.release.xcconfig */,
				974F84064B5F24A80C5025DD /* Pods-iOSKinkedInTests.debug.xcconfig */,
				ECB61F491E98F1AD0749F70C /* Pods-iOSKinkedInTests.release.xcconfig */,
				256DEDFCB6A5AE4A369B3527 /* Pods-iOSKinkedInUITests.debug.xcconfig */,
				C9BAE83F2CFA8A3781B2F227 /* Pods-iOSKinkedInUITests.release.xcconfig */,
			);
			name = Pods;
			sourceTree = "<group>";
		};
/* End PBXGroup section */

/* Begin PBXNativeTarget section */
		00171A1E1E56384500640B09 /* iOSKinkedIn */ = {
			isa = PBXNativeTarget;
			buildConfigurationList = 00171A471E56384500640B09 /* Build configuration list for PBXNativeTarget "iOSKinkedIn" */;
			buildPhases = (
				F9615C7CAB22CA252F4883CF /* [CP] Check Pods Manifest.lock */,
				00171A1B1E56384500640B09 /* Sources */,
				00171A1C1E56384500640B09 /* Frameworks */,
				00171A1D1E56384500640B09 /* Resources */,
				6C52F5EEB10597D7F5627D00 /* [CP] Embed Pods Frameworks */,
				1367539EA5C3F332D875E2E5 /* [CP] Copy Pods Resources */,
				0070C3711E569E11000D5BA0 /* Embed Frameworks */,
				0070C3751E569F51000D5BA0 /* ShellScript */,
			);
			buildRules = (
			);
			dependencies = (
			);
			name = iOSKinkedIn;
			productName = iOSKinkedIn;
			productReference = 00171A1F1E56384500640B09 /* iOSKinkedIn.app */;
			productType = "com.apple.product-type.application";
		};
		00171A321E56384500640B09 /* iOSKinkedInTests */ = {
			isa = PBXNativeTarget;
			buildConfigurationList = 00171A4A1E56384500640B09 /* Build configuration list for PBXNativeTarget "iOSKinkedInTests" */;
			buildPhases = (
				8F42D33A4BB4A4F2FF4AFBB0 /* [CP] Check Pods Manifest.lock */,
				00171A2F1E56384500640B09 /* Sources */,
				00171A301E56384500640B09 /* Frameworks */,
				00171A311E56384500640B09 /* Resources */,
				947B862CD0375E1E645DCAEE /* [CP] Embed Pods Frameworks */,
				911324DA39F32A9B128E0F8B /* [CP] Copy Pods Resources */,
			);
			buildRules = (
			);
			dependencies = (
				00171A351E56384500640B09 /* PBXTargetDependency */,
			);
			name = iOSKinkedInTests;
			productName = iOSKinkedInTests;
			productReference = 00171A331E56384500640B09 /* iOSKinkedInTests.xctest */;
			productType = "com.apple.product-type.bundle.unit-test";
		};
		00171A3D1E56384500640B09 /* iOSKinkedInUITests */ = {
			isa = PBXNativeTarget;
			buildConfigurationList = 00171A4D1E56384500640B09 /* Build configuration list for PBXNativeTarget "iOSKinkedInUITests" */;
			buildPhases = (
				47FDA10233B29FC36BFD40AF /* [CP] Check Pods Manifest.lock */,
				00171A3A1E56384500640B09 /* Sources */,
				00171A3B1E56384500640B09 /* Frameworks */,
				00171A3C1E56384500640B09 /* Resources */,
				5F4F47CC3BAAA9E809DA404B /* [CP] Embed Pods Frameworks */,
				572C0F37553B239836B367FF /* [CP] Copy Pods Resources */,
			);
			buildRules = (
			);
			dependencies = (
				00171A401E56384500640B09 /* PBXTargetDependency */,
			);
			name = iOSKinkedInUITests;
			productName = iOSKinkedInUITests;
			productReference = 00171A3E1E56384500640B09 /* iOSKinkedInUITests.xctest */;
			productType = "com.apple.product-type.bundle.ui-testing";
		};
/* End PBXNativeTarget section */

/* Begin PBXProject section */
		00171A171E56384500640B09 /* Project object */ = {
			isa = PBXProject;
			attributes = {
				KnownAssetTags = (
					New,
				);
				LastSwiftUpdateCheck = 0820;
				LastUpgradeCheck = 0820;
				ORGANIZATIONNAME = KinkedIn;
				TargetAttributes = {
					00171A1E1E56384500640B09 = {
						CreatedOnToolsVersion = 8.2.1;
						ProvisioningStyle = Automatic;
					};
					00171A321E56384500640B09 = {
						CreatedOnToolsVersion = 8.2.1;
						ProvisioningStyle = Automatic;
						TestTargetID = 00171A1E1E56384500640B09;
					};
					00171A3D1E56384500640B09 = {
						CreatedOnToolsVersion = 8.2.1;
						ProvisioningStyle = Automatic;
						TestTargetID = 00171A1E1E56384500640B09;
					};
				};
			};
			buildConfigurationList = 00171A1A1E56384500640B09 /* Build configuration list for PBXProject "iOSKinkedIn" */;
			compatibilityVersion = "Xcode 3.2";
			developmentRegion = English;
			hasScannedForEncodings = 0;
			knownRegions = (
				en,
				Base,
			);
			mainGroup = 00171A161E56384500640B09;
			productRefGroup = 00171A201E56384500640B09 /* Products */;
			projectDirPath = "";
			projectRoot = "";
			targets = (
				00171A1E1E56384500640B09 /* iOSKinkedIn */,
				00171A321E56384500640B09 /* iOSKinkedInTests */,
				00171A3D1E56384500640B09 /* iOSKinkedInUITests */,
			);
		};
/* End PBXProject section */

/* Begin PBXResourcesBuildPhase section */
		00171A1D1E56384500640B09 /* Resources */ = {
			isa = PBXResourcesBuildPhase;
			buildActionMask = 2147483647;
			files = (
				00171A2D1E56384500640B09 /* LaunchScreen.storyboard in Resources */,
				006D50051E65810B005DAABE /* Assets.xcassets in Resources */,
				00171A281E56384500640B09 /* Main.storyboard in Resources */,
			);
			runOnlyForDeploymentPostprocessing = 0;
		};
		00171A311E56384500640B09 /* Resources */ = {
			isa = PBXResourcesBuildPhase;
			buildActionMask = 2147483647;
			files = (
			);
			runOnlyForDeploymentPostprocessing = 0;
		};
		00171A3C1E56384500640B09 /* Resources */ = {
			isa = PBXResourcesBuildPhase;
			buildActionMask = 2147483647;
			files = (
			);
			runOnlyForDeploymentPostprocessing = 0;
		};
/* End PBXResourcesBuildPhase section */

/* Begin PBXShellScriptBuildPhase section */
		0070C3751E569F51000D5BA0 /* ShellScript */ = {
			isa = PBXShellScriptBuildPhase;
			buildActionMask = 2147483647;
			files = (
			);
			inputPaths = (
			);
			outputPaths = (
			);
			runOnlyForDeploymentPostprocessing = 0;
			shellPath = /bin/sh;
			shellScript = "bash \"${BUILT_PRODUCTS_DIR}/${FRAMEWORKS_FOLDER_PATH}/Realm.framework/strip-frameworks.sh\"";
		};
		1367539EA5C3F332D875E2E5 /* [CP] Copy Pods Resources */ = {
			isa = PBXShellScriptBuildPhase;
			buildActionMask = 2147483647;
			files = (
			);
			inputPaths = (
			);
			name = "[CP] Copy Pods Resources";
			outputPaths = (
			);
			runOnlyForDeploymentPostprocessing = 0;
			shellPath = /bin/sh;
			shellScript = "\"${SRCROOT}/Pods/Target Support Files/Pods-iOSKinkedIn/Pods-iOSKinkedIn-resources.sh\"\n";
			showEnvVarsInLog = 0;
		};
		47FDA10233B29FC36BFD40AF /* [CP] Check Pods Manifest.lock */ = {
			isa = PBXShellScriptBuildPhase;
			buildActionMask = 2147483647;
			files = (
			);
			inputPaths = (
			);
			name = "[CP] Check Pods Manifest.lock";
			outputPaths = (
			);
			runOnlyForDeploymentPostprocessing = 0;
			shellPath = /bin/sh;
			shellScript = "diff \"${PODS_ROOT}/../Podfile.lock\" \"${PODS_ROOT}/Manifest.lock\" > /dev/null\nif [ $? != 0 ] ; then\n    # print error to STDERR\n    echo \"error: The sandbox is not in sync with the Podfile.lock. Run 'pod install' or update your CocoaPods installation.\" >&2\n    exit 1\nfi\n";
			showEnvVarsInLog = 0;
		};
		572C0F37553B239836B367FF /* [CP] Copy Pods Resources */ = {
			isa = PBXShellScriptBuildPhase;
			buildActionMask = 2147483647;
			files = (
			);
			inputPaths = (
			);
			name = "[CP] Copy Pods Resources";
			outputPaths = (
			);
			runOnlyForDeploymentPostprocessing = 0;
			shellPath = /bin/sh;
			shellScript = "\"${SRCROOT}/Pods/Target Support Files/Pods-iOSKinkedInUITests/Pods-iOSKinkedInUITests-resources.sh\"\n";
			showEnvVarsInLog = 0;
		};
		5F4F47CC3BAAA9E809DA404B /* [CP] Embed Pods Frameworks */ = {
			isa = PBXShellScriptBuildPhase;
			buildActionMask = 2147483647;
			files = (
			);
			inputPaths = (
			);
			name = "[CP] Embed Pods Frameworks";
			outputPaths = (
			);
			runOnlyForDeploymentPostprocessing = 0;
			shellPath = /bin/sh;
			shellScript = "\"${SRCROOT}/Pods/Target Support Files/Pods-iOSKinkedInUITests/Pods-iOSKinkedInUITests-frameworks.sh\"\n";
			showEnvVarsInLog = 0;
		};
		6C52F5EEB10597D7F5627D00 /* [CP] Embed Pods Frameworks */ = {
			isa = PBXShellScriptBuildPhase;
			buildActionMask = 2147483647;
			files = (
			);
			inputPaths = (
			);
			name = "[CP] Embed Pods Frameworks";
			outputPaths = (
			);
			runOnlyForDeploymentPostprocessing = 0;
			shellPath = /bin/sh;
			shellScript = "\"${SRCROOT}/Pods/Target Support Files/Pods-iOSKinkedIn/Pods-iOSKinkedIn-frameworks.sh\"\n";
			showEnvVarsInLog = 0;
		};
		8F42D33A4BB4A4F2FF4AFBB0 /* [CP] Check Pods Manifest.lock */ = {
			isa = PBXShellScriptBuildPhase;
			buildActionMask = 2147483647;
			files = (
			);
			inputPaths = (
			);
			name = "[CP] Check Pods Manifest.lock";
			outputPaths = (
			);
			runOnlyForDeploymentPostprocessing = 0;
			shellPath = /bin/sh;
			shellScript = "diff \"${PODS_ROOT}/../Podfile.lock\" \"${PODS_ROOT}/Manifest.lock\" > /dev/null\nif [ $? != 0 ] ; then\n    # print error to STDERR\n    echo \"error: The sandbox is not in sync with the Podfile.lock. Run 'pod install' or update your CocoaPods installation.\" >&2\n    exit 1\nfi\n";
			showEnvVarsInLog = 0;
		};
		911324DA39F32A9B128E0F8B /* [CP] Copy Pods Resources */ = {
			isa = PBXShellScriptBuildPhase;
			buildActionMask = 2147483647;
			files = (
			);
			inputPaths = (
			);
			name = "[CP] Copy Pods Resources";
			outputPaths = (
			);
			runOnlyForDeploymentPostprocessing = 0;
			shellPath = /bin/sh;
			shellScript = "\"${SRCROOT}/Pods/Target Support Files/Pods-iOSKinkedInTests/Pods-iOSKinkedInTests-resources.sh\"\n";
			showEnvVarsInLog = 0;
		};
		947B862CD0375E1E645DCAEE /* [CP] Embed Pods Frameworks */ = {
			isa = PBXShellScriptBuildPhase;
			buildActionMask = 2147483647;
			files = (
			);
			inputPaths = (
			);
			name = "[CP] Embed Pods Frameworks";
			outputPaths = (
			);
			runOnlyForDeploymentPostprocessing = 0;
			shellPath = /bin/sh;
			shellScript = "\"${SRCROOT}/Pods/Target Support Files/Pods-iOSKinkedInTests/Pods-iOSKinkedInTests-frameworks.sh\"\n";
			showEnvVarsInLog = 0;
		};
		F9615C7CAB22CA252F4883CF /* [CP] Check Pods Manifest.lock */ = {
			isa = PBXShellScriptBuildPhase;
			buildActionMask = 2147483647;
			files = (
			);
			inputPaths = (
			);
			name = "[CP] Check Pods Manifest.lock";
			outputPaths = (
			);
			runOnlyForDeploymentPostprocessing = 0;
			shellPath = /bin/sh;
			shellScript = "diff \"${PODS_ROOT}/../Podfile.lock\" \"${PODS_ROOT}/Manifest.lock\" > /dev/null\nif [ $? != 0 ] ; then\n    # print error to STDERR\n    echo \"error: The sandbox is not in sync with the Podfile.lock. Run 'pod install' or update your CocoaPods installation.\" >&2\n    exit 1\nfi\n";
			showEnvVarsInLog = 0;
		};
/* End PBXShellScriptBuildPhase section */

/* Begin PBXSourcesBuildPhase section */
		00171A1B1E56384500640B09 /* Sources */ = {
			isa = PBXSourcesBuildPhase;
			buildActionMask = 2147483647;
			files = (
				00D193B21E5BA4FE0010C34C /* KinkInterest.swift in Sources */,
				0051D2001E62E85C004ABBF6 /* ViewProfileVC.swift in Sources */,
				00D193AF1E5B945A0010C34C /* SetKinkPrefsVC.swift in Sources */,
				00A0CD7D1E56D85800D39CD8 /* LoginVC.swift in Sources */,
				001D211B1E5A4B2D00317600 /* SetupBioVC.swift in Sources */,
				0070C3691E568A6F000D5BA0 /* SetupPageNC.swift in Sources */,
				00A0CD7B1E56CF5E00D39CD8 /* Login.swift in Sources */,
				001D21191E5A4B1300317600 /* SetupRolesVC.swift in Sources */,
				00A0CD771E56CCA000D39CD8 /* localdb.swift in Sources */,
				00A0CD731E56A03B00D39CD8 /* Profile.swift in Sources */,
				006D50071E658635005DAABE /* AppTabVC.swift in Sources */,
				001D21171E5A3EBB00317600 /* SetupPictureVC.swift in Sources */,
				00B5659D1E57906100639B8E /* SplashVC.swift in Sources */,
				00BA200D1E62B2F000D31F6F /* styles.swift in Sources */,
				00171A561E5650FD00640B09 /* tags.swift in Sources */,
				001D21151E5A286900317600 /* strings.swift in Sources */,
				0051D1FE1E62D3DC004ABBF6 /* ViewProfile.swift in Sources */,
				00171A251E56384500640B09 /* SetupGendersVC.swift in Sources */,
				00171A531E56468700640B09 /* api.swift in Sources */,
				00A0CD751E56A2CA00D39CD8 /* SetupBasicVC.swift in Sources */,
				00BA200F1E62B8C200D31F6F /* tables.swift in Sources */,
				00BA13BA1E57C08C00CC0BA8 /* SetupViewVC.swift in Sources */,
				00171A231E56384500640B09 /* AppDelegate.swift in Sources */,
				0038FAF01E57DC7E00C160B6 /* SetupKinksVC.swift in Sources */,
			);
			runOnlyForDeploymentPostprocessing = 0;
		};
		00171A2F1E56384500640B09 /* Sources */ = {
			isa = PBXSourcesBuildPhase;
			buildActionMask = 2147483647;
			files = (
				00171A381E56384500640B09 /* iOSKinkedInTests.swift in Sources */,
			);
			runOnlyForDeploymentPostprocessing = 0;
		};
		00171A3A1E56384500640B09 /* Sources */ = {
			isa = PBXSourcesBuildPhase;
			buildActionMask = 2147483647;
			files = (
				00171A431E56384500640B09 /* iOSKinkedInUITests.swift in Sources */,
			);
			runOnlyForDeploymentPostprocessing = 0;
		};
/* End PBXSourcesBuildPhase section */

/* Begin PBXTargetDependency section */
		00171A351E56384500640B09 /* PBXTargetDependency */ = {
			isa = PBXTargetDependency;
			target = 00171A1E1E56384500640B09 /* iOSKinkedIn */;
			targetProxy = 00171A341E56384500640B09 /* PBXContainerItemProxy */;
		};
		00171A401E56384500640B09 /* PBXTargetDependency */ = {
			isa = PBXTargetDependency;
			target = 00171A1E1E56384500640B09 /* iOSKinkedIn */;
			targetProxy = 00171A3F1E56384500640B09 /* PBXContainerItemProxy */;
		};
/* End PBXTargetDependency section */

/* Begin PBXVariantGroup section */
		00171A261E56384500640B09 /* Main.storyboard */ = {
			isa = PBXVariantGroup;
			children = (
				00171A271E56384500640B09 /* Base */,
			);
			name = Main.storyboard;
			sourceTree = "<group>";
		};
		00171A2B1E56384500640B09 /* LaunchScreen.storyboard */ = {
			isa = PBXVariantGroup;
			children = (
				00171A2C1E56384500640B09 /* Base */,
			);
			name = LaunchScreen.storyboard;
			sourceTree = "<group>";
		};
/* End PBXVariantGroup section */

/* Begin XCBuildConfiguration section */
		00171A451E56384500640B09 /* Debug */ = {
			isa = XCBuildConfiguration;
			buildSettings = {
				ALWAYS_SEARCH_USER_PATHS = NO;
				CLANG_ANALYZER_NONNULL = YES;
				CLANG_CXX_LANGUAGE_STANDARD = "gnu++0x";
				CLANG_CXX_LIBRARY = "libc++";
				CLANG_ENABLE_MODULES = YES;
				CLANG_ENABLE_OBJC_ARC = YES;
				CLANG_WARN_BOOL_CONVERSION = YES;
				CLANG_WARN_CONSTANT_CONVERSION = YES;
				CLANG_WARN_DIRECT_OBJC_ISA_USAGE = YES_ERROR;
				CLANG_WARN_DOCUMENTATION_COMMENTS = YES;
				CLANG_WARN_EMPTY_BODY = YES;
				CLANG_WARN_ENUM_CONVERSION = YES;
				CLANG_WARN_INFINITE_RECURSION = YES;
				CLANG_WARN_INT_CONVERSION = YES;
				CLANG_WARN_OBJC_ROOT_CLASS = YES_ERROR;
				CLANG_WARN_SUSPICIOUS_MOVE = YES;
				CLANG_WARN_UNREACHABLE_CODE = YES;
				CLANG_WARN__DUPLICATE_METHOD_MATCH = YES;
				"CODE_SIGN_IDENTITY[sdk=iphoneos*]" = "iPhone Developer";
				COPY_PHASE_STRIP = NO;
				DEBUG_INFORMATION_FORMAT = dwarf;
				ENABLE_STRICT_OBJC_MSGSEND = YES;
				ENABLE_TESTABILITY = YES;
				GCC_C_LANGUAGE_STANDARD = gnu99;
				GCC_DYNAMIC_NO_PIC = NO;
				GCC_NO_COMMON_BLOCKS = YES;
				GCC_OPTIMIZATION_LEVEL = 0;
				GCC_PREPROCESSOR_DEFINITIONS = (
					"DEBUG=1",
					"$(inherited)",
				);
				GCC_WARN_64_TO_32_BIT_CONVERSION = YES;
				GCC_WARN_ABOUT_RETURN_TYPE = YES_ERROR;
				GCC_WARN_UNDECLARED_SELECTOR = YES;
				GCC_WARN_UNINITIALIZED_AUTOS = YES_AGGRESSIVE;
				GCC_WARN_UNUSED_FUNCTION = YES;
				GCC_WARN_UNUSED_VARIABLE = YES;
				IPHONEOS_DEPLOYMENT_TARGET = 10.2;
				MTL_ENABLE_DEBUG_INFO = YES;
				ONLY_ACTIVE_ARCH = YES;
				SDKROOT = iphoneos;
				SWIFT_ACTIVE_COMPILATION_CONDITIONS = DEBUG;
				SWIFT_OPTIMIZATION_LEVEL = "-Onone";
			};
			name = Debug;
		};
		00171A461E56384500640B09 /* Release */ = {
			isa = XCBuildConfiguration;
			buildSettings = {
				ALWAYS_SEARCH_USER_PATHS = NO;
				CLANG_ANALYZER_NONNULL = YES;
				CLANG_CXX_LANGUAGE_STANDARD = "gnu++0x";
				CLANG_CXX_LIBRARY = "libc++";
				CLANG_ENABLE_MODULES = YES;
				CLANG_ENABLE_OBJC_ARC = YES;
				CLANG_WARN_BOOL_CONVERSION = YES;
				CLANG_WARN_CONSTANT_CONVERSION = YES;
				CLANG_WARN_DIRECT_OBJC_ISA_USAGE = YES_ERROR;
				CLANG_WARN_DOCUMENTATION_COMMENTS = YES;
				CLANG_WARN_EMPTY_BODY = YES;
				CLANG_WARN_ENUM_CONVERSION = YES;
				CLANG_WARN_INFINITE_RECURSION = YES;
				CLANG_WARN_INT_CONVERSION = YES;
				CLANG_WARN_OBJC_ROOT_CLASS = YES_ERROR;
				CLANG_WARN_SUSPICIOUS_MOVE = YES;
				CLANG_WARN_UNREACHABLE_CODE = YES;
				CLANG_WARN__DUPLICATE_METHOD_MATCH = YES;
				"CODE_SIGN_IDENTITY[sdk=iphoneos*]" = "iPhone Developer";
				COPY_PHASE_STRIP = NO;
				DEBUG_INFORMATION_FORMAT = "dwarf-with-dsym";
				ENABLE_NS_ASSERTIONS = NO;
				ENABLE_STRICT_OBJC_MSGSEND = YES;
				GCC_C_LANGUAGE_STANDARD = gnu99;
				GCC_NO_COMMON_BLOCKS = YES;
				GCC_WARN_64_TO_32_BIT_CONVERSION = YES;
				GCC_WARN_ABOUT_RETURN_TYPE = YES_ERROR;
				GCC_WARN_UNDECLARED_SELECTOR = YES;
				GCC_WARN_UNINITIALIZED_AUTOS = YES_AGGRESSIVE;
				GCC_WARN_UNUSED_FUNCTION = YES;
				GCC_WARN_UNUSED_VARIABLE = YES;
				IPHONEOS_DEPLOYMENT_TARGET = 10.2;
				MTL_ENABLE_DEBUG_INFO = NO;
				SDKROOT = iphoneos;
				SWIFT_OPTIMIZATION_LEVEL = "-Owholemodule";
				VALIDATE_PRODUCT = YES;
			};
			name = Release;
		};
		00171A481E56384500640B09 /* Debug */ = {
			isa = XCBuildConfiguration;
			baseConfigurationReference = CF5E3ADA76DA88C2CEB48970 /* Pods-iOSKinkedIn.debug.xcconfig */;
			buildSettings = {
				ASSETCATALOG_COMPILER_APPICON_NAME = AppIcon;
				FRAMEWORK_SEARCH_PATHS = (
					"$(inherited)",
					"$(PROJECT_DIR)",
					"$(PROJECT_DIR)/build/Debug-iphoneos/AMPopTip",
				);
				INFOPLIST_FILE = iOSKinkedIn/Info.plist;
				LD_RUNPATH_SEARCH_PATHS = "$(inherited) @executable_path/Frameworks";
				PRODUCT_BUNDLE_IDENTIFIER = com.trykinkedin.iOSKinkedIn;
				PRODUCT_NAME = "$(TARGET_NAME)";
				SWIFT_VERSION = 3.0;
			};
			name = Debug;
		};
		00171A491E56384500640B09 /* Release */ = {
			isa = XCBuildConfiguration;
			baseConfigurationReference = 69D2489DAE1A30E827A6EA1A /* Pods-iOSKinkedIn.release.xcconfig */;
			buildSettings = {
				ASSETCATALOG_COMPILER_APPICON_NAME = AppIcon;
				FRAMEWORK_SEARCH_PATHS = (
					"$(inherited)",
					"$(PROJECT_DIR)",
					"$(PROJECT_DIR)/build/Debug-iphoneos/AMPopTip",
				);
				INFOPLIST_FILE = iOSKinkedIn/Info.plist;
				LD_RUNPATH_SEARCH_PATHS = "$(inherited) @executable_path/Frameworks";
				PRODUCT_BUNDLE_IDENTIFIER = com.trykinkedin.iOSKinkedIn;
				PRODUCT_NAME = "$(TARGET_NAME)";
				SWIFT_VERSION = 3.0;
			};
			name = Release;
		};
		00171A4B1E56384500640B09 /* Debug */ = {
			isa = XCBuildConfiguration;
			baseConfigurationReference = 974F84064B5F24A80C5025DD /* Pods-iOSKinkedInTests.debug.xcconfig */;
			buildSettings = {
				ALWAYS_EMBED_SWIFT_STANDARD_LIBRARIES = YES;
				BUNDLE_LOADER = "$(TEST_HOST)";
				INFOPLIST_FILE = iOSKinkedInTests/Info.plist;
				LD_RUNPATH_SEARCH_PATHS = "$(inherited) @executable_path/Frameworks @loader_path/Frameworks";
				PRODUCT_BUNDLE_IDENTIFIER = com.trykinkedin.iOSKinkedInTests;
				PRODUCT_NAME = "$(TARGET_NAME)";
				SWIFT_VERSION = 3.0;
				TEST_HOST = "$(BUILT_PRODUCTS_DIR)/iOSKinkedIn.app/iOSKinkedIn";
			};
			name = Debug;
		};
		00171A4C1E56384500640B09 /* Release */ = {
			isa = XCBuildConfiguration;
			baseConfigurationReference = ECB61F491E98F1AD0749F70C /* Pods-iOSKinkedInTests.release.xcconfig */;
			buildSettings = {
				ALWAYS_EMBED_SWIFT_STANDARD_LIBRARIES = YES;
				BUNDLE_LOADER = "$(TEST_HOST)";
				INFOPLIST_FILE = iOSKinkedInTests/Info.plist;
				LD_RUNPATH_SEARCH_PATHS = "$(inherited) @executable_path/Frameworks @loader_path/Frameworks";
				PRODUCT_BUNDLE_IDENTIFIER = com.trykinkedin.iOSKinkedInTests;
				PRODUCT_NAME = "$(TARGET_NAME)";
				SWIFT_VERSION = 3.0;
				TEST_HOST = "$(BUILT_PRODUCTS_DIR)/iOSKinkedIn.app/iOSKinkedIn";
			};
			name = Release;
		};
		00171A4E1E56384500640B09 /* Debug */ = {
			isa = XCBuildConfiguration;
			baseConfigurationReference = 256DEDFCB6A5AE4A369B3527 /* Pods-iOSKinkedInUITests.debug.xcconfig */;
			buildSettings = {
				ALWAYS_EMBED_SWIFT_STANDARD_LIBRARIES = YES;
				INFOPLIST_FILE = iOSKinkedInUITests/Info.plist;
				LD_RUNPATH_SEARCH_PATHS = "$(inherited) @executable_path/Frameworks @loader_path/Frameworks";
				PRODUCT_BUNDLE_IDENTIFIER = com.trykinkedin.iOSKinkedInUITests;
				PRODUCT_NAME = "$(TARGET_NAME)";
				SWIFT_VERSION = 3.0;
				TEST_TARGET_NAME = iOSKinkedIn;
			};
			name = Debug;
		};
		00171A4F1E56384500640B09 /* Release */ = {
			isa = XCBuildConfiguration;
			baseConfigurationReference = C9BAE83F2CFA8A3781B2F227 /* Pods-iOSKinkedInUITests.release.xcconfig */;
			buildSettings = {
				ALWAYS_EMBED_SWIFT_STANDARD_LIBRARIES = YES;
				INFOPLIST_FILE = iOSKinkedInUITests/Info.plist;
				LD_RUNPATH_SEARCH_PATHS = "$(inherited) @executable_path/Frameworks @loader_path/Frameworks";
				PRODUCT_BUNDLE_IDENTIFIER = com.trykinkedin.iOSKinkedInUITests;
				PRODUCT_NAME = "$(TARGET_NAME)";
				SWIFT_VERSION = 3.0;
				TEST_TARGET_NAME = iOSKinkedIn;
			};
			name = Release;
		};
/* End XCBuildConfiguration section */

/* Begin XCConfigurationList section */
		00171A1A1E56384500640B09 /* Build configuration list for PBXProject "iOSKinkedIn" */ = {
			isa = XCConfigurationList;
			buildConfigurations = (
				00171A451E56384500640B09 /* Debug */,
				00171A461E56384500640B09 /* Release */,
			);
			defaultConfigurationIsVisible = 0;
			defaultConfigurationName = Release;
		};
		00171A471E56384500640B09 /* Build configuration list for PBXNativeTarget "iOSKinkedIn" */ = {
			isa = XCConfigurationList;
			buildConfigurations = (
				00171A481E56384500640B09 /* Debug */,
				00171A491E56384500640B09 /* Release */,
			);
			defaultConfigurationIsVisible = 0;
			defaultConfigurationName = Release;
		};
		00171A4A1E56384500640B09 /* Build configuration list for PBXNativeTarget "iOSKinkedInTests" */ = {
			isa = XCConfigurationList;
			buildConfigurations = (
				00171A4B1E56384500640B09 /* Debug */,
				00171A4C1E56384500640B09 /* Release */,
			);
			defaultConfigurationIsVisible = 0;
			defaultConfigurationName = Release;
		};
		00171A4D1E56384500640B09 /* Build configuration list for PBXNativeTarget "iOSKinkedInUITests" */ = {
			isa = XCConfigurationList;
			buildConfigurations = (
				00171A4E1E56384500640B09 /* Debug */,
				00171A4F1E56384500640B09 /* Release */,
			);
			defaultConfigurationIsVisible = 0;
			defaultConfigurationName = Release;
		};
/* End XCConfigurationList section */
	};
	rootObject = 00171A171E56384500640B09 /* Project object */;
}
